// !$*UTF8*$!
{
	archiveVersion = 1;
	classes = {
	};
	objectVersion = 46;
	objects = {

/* Begin PBXBuildFile section */
		37D7271817CDABD50032D538 /* AppDelegate.m in Sources */ = {isa = PBXBuildFile; fileRef = 37D726B117CDABD50032D538 /* AppDelegate.m */; };
		37D7271917CDABD50032D538 /* AFHTTPClient.m in Sources */ = {isa = PBXBuildFile; fileRef = 37D726B517CDABD50032D538 /* AFHTTPClient.m */; };
		37D7271A17CDABD50032D538 /* AFHTTPRequestOperation.m in Sources */ = {isa = PBXBuildFile; fileRef = 37D726B717CDABD50032D538 /* AFHTTPRequestOperation.m */; };
		37D7271B17CDABD50032D538 /* AFImageCache.m in Sources */ = {isa = PBXBuildFile; fileRef = 37D726B917CDABD50032D538 /* AFImageCache.m */; };
		37D7271C17CDABD50032D538 /* AFImageRequestOperation.m in Sources */ = {isa = PBXBuildFile; fileRef = 37D726BB17CDABD50032D538 /* AFImageRequestOperation.m */; };
		37D7271D17CDABD50032D538 /* AFJSONRequestOperation.m in Sources */ = {isa = PBXBuildFile; fileRef = 37D726BD17CDABD50032D538 /* AFJSONRequestOperation.m */; };
		37D7271E17CDABD50032D538 /* AFNetworkActivityIndicatorManager.m in Sources */ = {isa = PBXBuildFile; fileRef = 37D726BF17CDABD50032D538 /* AFNetworkActivityIndicatorManager.m */; };
		37D7271F17CDABD50032D538 /* AFPropertyListRequestOperation.m in Sources */ = {isa = PBXBuildFile; fileRef = 37D726C217CDABD50032D538 /* AFPropertyListRequestOperation.m */; };
		37D7272017CDABD50032D538 /* AFURLConnectionOperation.m in Sources */ = {isa = PBXBuildFile; fileRef = 37D726C417CDABD50032D538 /* AFURLConnectionOperation.m */; };
		37D7272117CDABD50032D538 /* AFXMLRequestOperation.m in Sources */ = {isa = PBXBuildFile; fileRef = 37D726C617CDABD50032D538 /* AFXMLRequestOperation.m */; };
		37D7272217CDABD50032D538 /* UIImageView+AFNetworking.m in Sources */ = {isa = PBXBuildFile; fileRef = 37D726C817CDABD50032D538 /* UIImageView+AFNetworking.m */; };
		37D7272317CDABD50032D538 /* AFURLCache.m in Sources */ = {isa = PBXBuildFile; fileRef = 37D726CB17CDABD50032D538 /* AFURLCache.m */; };
		37D7272417CDABD50032D538 /* Api.m in Sources */ = {isa = PBXBuildFile; fileRef = 37D726CE17CDABD50032D538 /* Api.m */; };
		37D7272517CDABD50032D538 /* CommonC.m in Sources */ = {isa = PBXBuildFile; fileRef = 37D726D017CDABD50032D538 /* CommonC.m */; };
		37D7272617CDABD50032D538 /* INetwork.m in Sources */ = {isa = PBXBuildFile; fileRef = 37D726D217CDABD50032D538 /* INetwork.m */; };
		37D7272717CDABD50032D538 /* MyMenuBar.m in Sources */ = {isa = PBXBuildFile; fileRef = 37D726D417CDABD50032D538 /* MyMenuBar.m */; };
		37D7272817CDABD50032D538 /* Other.m in Sources */ = {isa = PBXBuildFile; fileRef = 37D726D617CDABD50032D538 /* Other.m */; };
		37D7272917CDABD50032D538 /* Util.m in Sources */ = {isa = PBXBuildFile; fileRef = 37D726D817CDABD50032D538 /* Util.m */; };
		37D7272A17CDABD50032D538 /* Widget.m in Sources */ = {isa = PBXBuildFile; fileRef = 37D726DA17CDABD50032D538 /* Widget.m */; };
		37D7272B17CDABD50032D538 /* CommController.m in Sources */ = {isa = PBXBuildFile; fileRef = 37D726DC17CDABD50032D538 /* CommController.m */; };
		37D7272C17CDABD50032D538 /* AsyncCell.m in Sources */ = {isa = PBXBuildFile; fileRef = 37D726DF17CDABD50032D538 /* AsyncCell.m */; };
		37D7272D17CDABD50032D538 /* DataHelper.m in Sources */ = {isa = PBXBuildFile; fileRef = 37D726E117CDABD50032D538 /* DataHelper.m */; };
		37D7272E17CDABD50032D538 /* DictionaryHelper.m in Sources */ = {isa = PBXBuildFile; fileRef = 37D726E317CDABD50032D538 /* DictionaryHelper.m */; };
		37D7272F17CDABD50032D538 /* FastCell.m in Sources */ = {isa = PBXBuildFile; fileRef = 37D726E517CDABD50032D538 /* FastCell.m */; };
		37D7273017CDABD50032D538 /* ListViewController.m in Sources */ = {isa = PBXBuildFile; fileRef = 37D726E717CDABD50032D538 /* ListViewController.m */; };
		37D7273117CDABD50032D538 /* StringHelper.m in Sources */ = {isa = PBXBuildFile; fileRef = 37D726E917CDABD50032D538 /* StringHelper.m */; };
		37D7273217CDABD50032D538 /* JSONKit.m in Sources */ = {isa = PBXBuildFile; fileRef = 37D726EC17CDABD50032D538 /* JSONKit.m */; };
		37D7273317CDABD50032D538 /* LoginC.m in Sources */ = {isa = PBXBuildFile; fileRef = 37D726EE17CDABD50032D538 /* LoginC.m */; };
		37D7273417CDABD50032D538 /* MainFrameC.m in Sources */ = {isa = PBXBuildFile; fileRef = 37D726F017CDABD50032D538 /* MainFrameC.m */; };
		37D7273517CDABD50032D538 /* MyWebView.m in Sources */ = {isa = PBXBuildFile; fileRef = 37D726F217CDABD50032D538 /* MyWebView.m */; };
		37D7273617CDABD50032D538 /* PostDetailC.m in Sources */ = {isa = PBXBuildFile; fileRef = 37D726F417CDABD50032D538 /* PostDetailC.m */; };
		37D7273717CDABD50032D538 /* EGORefreshTableHeaderView.m in Sources */ = {isa = PBXBuildFile; fileRef = 37D726F717CDABD50032D538 /* EGORefreshTableHeaderView.m */; };
		37D7273817CDABD50032D538 /* SVProgressHUD.bundle in Resources */ = {isa = PBXBuildFile; fileRef = 37D726F917CDABD50032D538 /* SVProgressHUD.bundle */; };
		37D7273917CDABD50032D538 /* SVProgressHUD.m in Sources */ = {isa = PBXBuildFile; fileRef = 37D726FB17CDABD50032D538 /* SVProgressHUD.m */; };
		37D7273A17CDABD50032D538 /* UiLib.m in Sources */ = {isa = PBXBuildFile; fileRef = 37D726FD17CDABD50032D538 /* UiLib.m */; };
		37D7273B17CDABD50032D538 /* InfoPlist.strings in Resources */ = {isa = PBXBuildFile; fileRef = 37D726FE17CDABD50032D538 /* InfoPlist.strings */; };
		37D7273C17CDABD50032D538 /* iKanxue-Info.plist in Resources */ = {isa = PBXBuildFile; fileRef = 37D7270017CDABD50032D538 /* iKanxue-Info.plist */; };
		37D7273D17CDABD50032D538 /* blackArrow.png in Resources */ = {isa = PBXBuildFile; fileRef = 37D7270417CDABD50032D538 /* blackArrow.png */; };
		37D7273E17CDABD50032D538 /* blackArrow@2x.png in Resources */ = {isa = PBXBuildFile; fileRef = 37D7270517CDABD50032D538 /* blackArrow@2x.png */; };
		37D7273F17CDABD50032D538 /* blueArrow.png in Resources */ = {isa = PBXBuildFile; fileRef = 37D7270617CDABD50032D538 /* blueArrow.png */; };
		37D7274017CDABD50032D538 /* blueArrow@2x.png in Resources */ = {isa = PBXBuildFile; fileRef = 37D7270717CDABD50032D538 /* blueArrow@2x.png */; };
		37D7274117CDABD50032D538 /* Default@2x.png in Resources */ = {isa = PBXBuildFile; fileRef = 37D7270817CDABD50032D538 /* Default@2x.png */; };
		37D7274217CDABD50032D538 /* global_backgroup@2x.png in Resources */ = {isa = PBXBuildFile; fileRef = 37D7270917CDABD50032D538 /* global_backgroup@2x.png */; };
		37D7274317CDABD50032D538 /* icon.png in Resources */ = {isa = PBXBuildFile; fileRef = 37D7270A17CDABD50032D538 /* icon.png */; };
		37D7274417CDABD50032D538 /* icon@2x.png in Resources */ = {isa = PBXBuildFile; fileRef = 37D7270B17CDABD50032D538 /* icon@2x.png */; };
		37D7274517CDABD50032D538 /* msjy_checkbox@2x.png in Resources */ = {isa = PBXBuildFile; fileRef = 37D7270D17CDABD50032D538 /* msjy_checkbox@2x.png */; };
		37D7274617CDABD50032D538 /* msjy_checkbox_1@2x.png in Resources */ = {isa = PBXBuildFile; fileRef = 37D7270E17CDABD50032D538 /* msjy_checkbox_1@2x.png */; };
		37D7274717CDABD50032D538 /* msjy_detail_text@2x.png in Resources */ = {isa = PBXBuildFile; fileRef = 37D7270F17CDABD50032D538 /* msjy_detail_text@2x.png */; };
		37D7274817CDABD50032D538 /* msjy_login_btn@2x.png in Resources */ = {isa = PBXBuildFile; fileRef = 37D7271017CDABD50032D538 /* msjy_login_btn@2x.png */; };
		37D7274917CDABD50032D538 /* msjy_login_btn_1@2x.png in Resources */ = {isa = PBXBuildFile; fileRef = 37D7271117CDABD50032D538 /* msjy_login_btn_1@2x.png */; };
		37D7274A17CDABD50032D538 /* msjy_login_logo@2x.png in Resources */ = {isa = PBXBuildFile; fileRef = 37D7271217CDABD50032D538 /* msjy_login_logo@2x.png */; };
		37D7274B17CDABD50032D538 /* msjy_tf_bg@2x.png in Resources */ = {isa = PBXBuildFile; fileRef = 37D7271317CDABD50032D538 /* msjy_tf_bg@2x.png */; };
		37D7274C17CDABD50032D538 /* logo@2x.png in Resources */ = {isa = PBXBuildFile; fileRef = 37D7271417CDABD50032D538 /* logo@2x.png */; };
		37D7274D17CDABD50032D538 /* reply_count@2x.png in Resources */ = {isa = PBXBuildFile; fileRef = 37D7271517CDABD50032D538 /* reply_count@2x.png */; };
		37D7274E17CDABD50032D538 /* main.m in Sources */ = {isa = PBXBuildFile; fileRef = 37D7271617CDABD50032D538 /* main.m */; };
		37D7274F17CDABD50032D538 /* template.html in Resources */ = {isa = PBXBuildFile; fileRef = 37D7271717CDABD50032D538 /* template.html */; };
		37E1870C1515983800A15AB2 /* UIKit.framework in Frameworks */ = {isa = PBXBuildFile; fileRef = 37E1870B1515983800A15AB2 /* UIKit.framework */; };
		37E1870E1515983800A15AB2 /* Foundation.framework in Frameworks */ = {isa = PBXBuildFile; fileRef = 37E1870D1515983800A15AB2 /* Foundation.framework */; };
		37E187101515983800A15AB2 /* CoreGraphics.framework in Frameworks */ = {isa = PBXBuildFile; fileRef = 37E1870F1515983800A15AB2 /* CoreGraphics.framework */; };
		37E1873415159A8D00A15AB2 /* MapKit.framework in Frameworks */ = {isa = PBXBuildFile; fileRef = 37E1873315159A8D00A15AB2 /* MapKit.framework */; };
		37E1873915159AB400A15AB2 /* AddressBook.framework in Frameworks */ = {isa = PBXBuildFile; fileRef = 37E1873515159AB400A15AB2 /* AddressBook.framework */; };
		37E1873A15159AB400A15AB2 /* AddressBookUI.framework in Frameworks */ = {isa = PBXBuildFile; fileRef = 37E1873615159AB400A15AB2 /* AddressBookUI.framework */; };
		37E1873B15159AB400A15AB2 /* CFNetwork.framework in Frameworks */ = {isa = PBXBuildFile; fileRef = 37E1873715159AB400A15AB2 /* CFNetwork.framework */; };
		37E1873C15159AB400A15AB2 /* CoreLocation.framework in Frameworks */ = {isa = PBXBuildFile; fileRef = 37E1873815159AB400A15AB2 /* CoreLocation.framework */; };
		37E1873E15159ABC00A15AB2 /* SystemConfiguration.framework in Frameworks */ = {isa = PBXBuildFile; fileRef = 37E1873D15159ABC00A15AB2 /* SystemConfiguration.framework */; };
		37E1874015159AC700A15AB2 /* QuartzCore.framework in Frameworks */ = {isa = PBXBuildFile; fileRef = 37E1873F15159AC700A15AB2 /* QuartzCore.framework */; };
		37E1874215159AD300A15AB2 /* MobileCoreServices.framework in Frameworks */ = {isa = PBXBuildFile; fileRef = 37E1874115159AD300A15AB2 /* MobileCoreServices.framework */; };
		37E1874415159ADF00A15AB2 /* MediaPlayer.framework in Frameworks */ = {isa = PBXBuildFile; fileRef = 37E1874315159ADF00A15AB2 /* MediaPlayer.framework */; };
		37E1874615159AEA00A15AB2 /* MessageUI.framework in Frameworks */ = {isa = PBXBuildFile; fileRef = 37E1874515159AEA00A15AB2 /* MessageUI.framework */; };
/* End PBXBuildFile section */

/* Begin PBXFileReference section */
		37D726B017CDABD50032D538 /* AppDelegate.h */ = {isa = PBXFileReference; fileEncoding = 4; lastKnownFileType = sourcecode.c.h; path = AppDelegate.h; sourceTree = "<group>"; };
		37D726B117CDABD50032D538 /* AppDelegate.m */ = {isa = PBXFileReference; fileEncoding = 4; lastKnownFileType = sourcecode.c.objc; path = AppDelegate.m; sourceTree = "<group>"; };
		37D726B417CDABD50032D538 /* AFHTTPClient.h */ = {isa = PBXFileReference; fileEncoding = 4; lastKnownFileType = sourcecode.c.h; path = AFHTTPClient.h; sourceTree = "<group>"; };
		37D726B517CDABD50032D538 /* AFHTTPClient.m */ = {isa = PBXFileReference; fileEncoding = 4; lastKnownFileType = sourcecode.c.objc; path = AFHTTPClient.m; sourceTree = "<group>"; };
		37D726B617CDABD50032D538 /* AFHTTPRequestOperation.h */ = {isa = PBXFileReference; fileEncoding = 4; lastKnownFileType = sourcecode.c.h; path = AFHTTPRequestOperation.h; sourceTree = "<group>"; };
		37D726B717CDABD50032D538 /* AFHTTPRequestOperation.m */ = {isa = PBXFileReference; fileEncoding = 4; lastKnownFileType = sourcecode.c.objc; path = AFHTTPRequestOperation.m; sourceTree = "<group>"; };
		37D726B817CDABD50032D538 /* AFImageCache.h */ = {isa = PBXFileReference; fileEncoding = 4; lastKnownFileType = sourcecode.c.h; path = AFImageCache.h; sourceTree = "<group>"; };
		37D726B917CDABD50032D538 /* AFImageCache.m */ = {isa = PBXFileReference; fileEncoding = 4; lastKnownFileType = sourcecode.c.objc; path = AFImageCache.m; sourceTree = "<group>"; };
		37D726BA17CDABD50032D538 /* AFImageRequestOperation.h */ = {isa = PBXFileReference; fileEncoding = 4; lastKnownFileType = sourcecode.c.h; path = AFImageRequestOperation.h; sourceTree = "<group>"; };
		37D726BB17CDABD50032D538 /* AFImageRequestOperation.m */ = {isa = PBXFileReference; fileEncoding = 4; lastKnownFileType = sourcecode.c.objc; path = AFImageRequestOperation.m; sourceTree = "<group>"; };
		37D726BC17CDABD50032D538 /* AFJSONRequestOperation.h */ = {isa = PBXFileReference; fileEncoding = 4; lastKnownFileType = sourcecode.c.h; path = AFJSONRequestOperation.h; sourceTree = "<group>"; };
		37D726BD17CDABD50032D538 /* AFJSONRequestOperation.m */ = {isa = PBXFileReference; fileEncoding = 4; lastKnownFileType = sourcecode.c.objc; path = AFJSONRequestOperation.m; sourceTree = "<group>"; };
		37D726BE17CDABD50032D538 /* AFNetworkActivityIndicatorManager.h */ = {isa = PBXFileReference; fileEncoding = 4; lastKnownFileType = sourcecode.c.h; path = AFNetworkActivityIndicatorManager.h; sourceTree = "<group>"; };
		37D726BF17CDABD50032D538 /* AFNetworkActivityIndicatorManager.m */ = {isa = PBXFileReference; fileEncoding = 4; lastKnownFileType = sourcecode.c.objc; path = AFNetworkActivityIndicatorManager.m; sourceTree = "<group>"; };
		37D726C017CDABD50032D538 /* AFNetworking.h */ = {isa = PBXFileReference; fileEncoding = 4; lastKnownFileType = sourcecode.c.h; path = AFNetworking.h; sourceTree = "<group>"; };
		37D726C117CDABD50032D538 /* AFPropertyListRequestOperation.h */ = {isa = PBXFileReference; fileEncoding = 4; lastKnownFileType = sourcecode.c.h; path = AFPropertyListRequestOperation.h; sourceTree = "<group>"; };
		37D726C217CDABD50032D538 /* AFPropertyListRequestOperation.m */ = {isa = PBXFileReference; fileEncoding = 4; lastKnownFileType = sourcecode.c.objc; path = AFPropertyListRequestOperation.m; sourceTree = "<group>"; };
		37D726C317CDABD50032D538 /* AFURLConnectionOperation.h */ = {isa = PBXFileReference; fileEncoding = 4; lastKnownFileType = sourcecode.c.h; path = AFURLConnectionOperation.h; sourceTree = "<group>"; };
		37D726C417CDABD50032D538 /* AFURLConnectionOperation.m */ = {isa = PBXFileReference; fileEncoding = 4; lastKnownFileType = sourcecode.c.objc; path = AFURLConnectionOperation.m; sourceTree = "<group>"; };
		37D726C517CDABD50032D538 /* AFXMLRequestOperation.h */ = {isa = PBXFileReference; fileEncoding = 4; lastKnownFileType = sourcecode.c.h; path = AFXMLRequestOperation.h; sourceTree = "<group>"; };
		37D726C617CDABD50032D538 /* AFXMLRequestOperation.m */ = {isa = PBXFileReference; fileEncoding = 4; lastKnownFileType = sourcecode.c.objc; path = AFXMLRequestOperation.m; sourceTree = "<group>"; };
		37D726C717CDABD50032D538 /* UIImageView+AFNetworking.h */ = {isa = PBXFileReference; fileEncoding = 4; lastKnownFileType = sourcecode.c.h; path = "UIImageView+AFNetworking.h"; sourceTree = "<group>"; };
		37D726C817CDABD50032D538 /* UIImageView+AFNetworking.m */ = {isa = PBXFileReference; fileEncoding = 4; lastKnownFileType = sourcecode.c.objc; path = "UIImageView+AFNetworking.m"; sourceTree = "<group>"; };
		37D726CA17CDABD50032D538 /* AFURLCache.h */ = {isa = PBXFileReference; fileEncoding = 4; lastKnownFileType = sourcecode.c.h; path = AFURLCache.h; sourceTree = "<group>"; };
		37D726CB17CDABD50032D538 /* AFURLCache.m */ = {isa = PBXFileReference; fileEncoding = 4; lastKnownFileType = sourcecode.c.objc; path = AFURLCache.m; sourceTree = "<group>"; };
		37D726CD17CDABD50032D538 /* Api.h */ = {isa = PBXFileReference; fileEncoding = 4; lastKnownFileType = sourcecode.c.h; path = Api.h; sourceTree = "<group>"; };
		37D726CE17CDABD50032D538 /* Api.m */ = {isa = PBXFileReference; fileEncoding = 4; lastKnownFileType = sourcecode.c.objc; path = Api.m; sourceTree = "<group>"; };
		37D726CF17CDABD50032D538 /* CommonC.h */ = {isa = PBXFileReference; fileEncoding = 4; lastKnownFileType = sourcecode.c.h; path = CommonC.h; sourceTree = "<group>"; };
		37D726D017CDABD50032D538 /* CommonC.m */ = {isa = PBXFileReference; fileEncoding = 4; lastKnownFileType = sourcecode.c.objc; path = CommonC.m; sourceTree = "<group>"; };
		37D726D117CDABD50032D538 /* INetwork.h */ = {isa = PBXFileReference; fileEncoding = 4; lastKnownFileType = sourcecode.c.h; path = INetwork.h; sourceTree = "<group>"; };
		37D726D217CDABD50032D538 /* INetwork.m */ = {isa = PBXFileReference; fileEncoding = 4; lastKnownFileType = sourcecode.c.objc; path = INetwork.m; sourceTree = "<group>"; };
		37D726D317CDABD50032D538 /* MyMenuBar.h */ = {isa = PBXFileReference; fileEncoding = 4; lastKnownFileType = sourcecode.c.h; path = MyMenuBar.h; sourceTree = "<group>"; };
		37D726D417CDABD50032D538 /* MyMenuBar.m */ = {isa = PBXFileReference; fileEncoding = 4; lastKnownFileType = sourcecode.c.objc; path = MyMenuBar.m; sourceTree = "<group>"; };
		37D726D517CDABD50032D538 /* Other.h */ = {isa = PBXFileReference; fileEncoding = 4; lastKnownFileType = sourcecode.c.h; path = Other.h; sourceTree = "<group>"; };
		37D726D617CDABD50032D538 /* Other.m */ = {isa = PBXFileReference; fileEncoding = 4; lastKnownFileType = sourcecode.c.objc; path = Other.m; sourceTree = "<group>"; };
		37D726D717CDABD50032D538 /* Util.h */ = {isa = PBXFileReference; fileEncoding = 4; lastKnownFileType = sourcecode.c.h; path = Util.h; sourceTree = "<group>"; };
		37D726D817CDABD50032D538 /* Util.m */ = {isa = PBXFileReference; fileEncoding = 4; lastKnownFileType = sourcecode.c.objc; path = Util.m; sourceTree = "<group>"; };
		37D726D917CDABD50032D538 /* Widget.h */ = {isa = PBXFileReference; fileEncoding = 4; lastKnownFileType = sourcecode.c.h; path = Widget.h; sourceTree = "<group>"; };
		37D726DA17CDABD50032D538 /* Widget.m */ = {isa = PBXFileReference; fileEncoding = 4; lastKnownFileType = sourcecode.c.objc; path = Widget.m; sourceTree = "<group>"; };
		37D726DB17CDABD50032D538 /* CommController.h */ = {isa = PBXFileReference; fileEncoding = 4; lastKnownFileType = sourcecode.c.h; path = CommController.h; sourceTree = "<group>"; };
		37D726DC17CDABD50032D538 /* CommController.m */ = {isa = PBXFileReference; fileEncoding = 4; lastKnownFileType = sourcecode.c.objc; path = CommController.m; sourceTree = "<group>"; };
		37D726DE17CDABD50032D538 /* AsyncCell.h */ = {isa = PBXFileReference; fileEncoding = 4; lastKnownFileType = sourcecode.c.h; path = AsyncCell.h; sourceTree = "<group>"; };
		37D726DF17CDABD50032D538 /* AsyncCell.m */ = {isa = PBXFileReference; fileEncoding = 4; lastKnownFileType = sourcecode.c.objc; path = AsyncCell.m; sourceTree = "<group>"; };
		37D726E017CDABD50032D538 /* DataHelper.h */ = {isa = PBXFileReference; fileEncoding = 4; lastKnownFileType = sourcecode.c.h; path = DataHelper.h; sourceTree = "<group>"; };
		37D726E117CDABD50032D538 /* DataHelper.m */ = {isa = PBXFileReference; fileEncoding = 4; lastKnownFileType = sourcecode.c.objc; path = DataHelper.m; sourceTree = "<group>"; };
		37D726E217CDABD50032D538 /* DictionaryHelper.h */ = {isa = PBXFileReference; fileEncoding = 4; lastKnownFileType = sourcecode.c.h; path = DictionaryHelper.h; sourceTree = "<group>"; };
		37D726E317CDABD50032D538 /* DictionaryHelper.m */ = {isa = PBXFileReference; fileEncoding = 4; lastKnownFileType = sourcecode.c.objc; path = DictionaryHelper.m; sourceTree = "<group>"; };
		37D726E417CDABD50032D538 /* FastCell.h */ = {isa = PBXFileReference; fileEncoding = 4; lastKnownFileType = sourcecode.c.h; path = FastCell.h; sourceTree = "<group>"; };
		37D726E517CDABD50032D538 /* FastCell.m */ = {isa = PBXFileReference; fileEncoding = 4; lastKnownFileType = sourcecode.c.objc; path = FastCell.m; sourceTree = "<group>"; };
		37D726E617CDABD50032D538 /* ListViewController.h */ = {isa = PBXFileReference; fileEncoding = 4; lastKnownFileType = sourcecode.c.h; path = ListViewController.h; sourceTree = "<group>"; };
		37D726E717CDABD50032D538 /* ListViewController.m */ = {isa = PBXFileReference; fileEncoding = 4; lastKnownFileType = sourcecode.c.objc; path = ListViewController.m; sourceTree = "<group>"; };
		37D726E817CDABD50032D538 /* StringHelper.h */ = {isa = PBXFileReference; fileEncoding = 4; lastKnownFileType = sourcecode.c.h; path = StringHelper.h; sourceTree = "<group>"; };
		37D726E917CDABD50032D538 /* StringHelper.m */ = {isa = PBXFileReference; fileEncoding = 4; lastKnownFileType = sourcecode.c.objc; path = StringHelper.m; sourceTree = "<group>"; };
		37D726EB17CDABD50032D538 /* JSONKit.h */ = {isa = PBXFileReference; fileEncoding = 4; lastKnownFileType = sourcecode.c.h; path = JSONKit.h; sourceTree = "<group>"; };
		37D726EC17CDABD50032D538 /* JSONKit.m */ = {isa = PBXFileReference; fileEncoding = 4; lastKnownFileType = sourcecode.c.objc; path = JSONKit.m; sourceTree = "<group>"; };
		37D726ED17CDABD50032D538 /* LoginC.h */ = {isa = PBXFileReference; fileEncoding = 4; lastKnownFileType = sourcecode.c.h; path = LoginC.h; sourceTree = "<group>"; };
		37D726EE17CDABD50032D538 /* LoginC.m */ = {isa = PBXFileReference; fileEncoding = 4; lastKnownFileType = sourcecode.c.objc; path = LoginC.m; sourceTree = "<group>"; };
		37D726EF17CDABD50032D538 /* MainFrameC.h */ = {isa = PBXFileReference; fileEncoding = 4; lastKnownFileType = sourcecode.c.h; path = MainFrameC.h; sourceTree = "<group>"; };
		37D726F017CDABD50032D538 /* MainFrameC.m */ = {isa = PBXFileReference; fileEncoding = 4; lastKnownFileType = sourcecode.c.objc; path = MainFrameC.m; sourceTree = "<group>"; };
		37D726F117CDABD50032D538 /* MyWebView.h */ = {isa = PBXFileReference; fileEncoding = 4; lastKnownFileType = sourcecode.c.h; path = MyWebView.h; sourceTree = "<group>"; };
		37D726F217CDABD50032D538 /* MyWebView.m */ = {isa = PBXFileReference; fileEncoding = 4; lastKnownFileType = sourcecode.c.objc; path = MyWebView.m; sourceTree = "<group>"; };
		37D726F317CDABD50032D538 /* PostDetailC.h */ = {isa = PBXFileReference; fileEncoding = 4; lastKnownFileType = sourcecode.c.h; path = PostDetailC.h; sourceTree = "<group>"; };
		37D726F417CDABD50032D538 /* PostDetailC.m */ = {isa = PBXFileReference; fileEncoding = 4; lastKnownFileType = sourcecode.c.objc; path = PostDetailC.m; sourceTree = "<group>"; };
		37D726F617CDABD50032D538 /* EGORefreshTableHeaderView.h */ = {isa = PBXFileReference; fileEncoding = 4; lastKnownFileType = sourcecode.c.h; path = EGORefreshTableHeaderView.h; sourceTree = "<group>"; };
		37D726F717CDABD50032D538 /* EGORefreshTableHeaderView.m */ = {isa = PBXFileReference; fileEncoding = 4; lastKnownFileType = sourcecode.c.objc; path = EGORefreshTableHeaderView.m; sourceTree = "<group>"; };
		37D726F917CDABD50032D538 /* SVProgressHUD.bundle */ = {isa = PBXFileReference; lastKnownFileType = "wrapper.plug-in"; path = SVProgressHUD.bundle; sourceTree = "<group>"; };
		37D726FA17CDABD50032D538 /* SVProgressHUD.h */ = {isa = PBXFileReference; fileEncoding = 4; lastKnownFileType = sourcecode.c.h; path = SVProgressHUD.h; sourceTree = "<group>"; };
		37D726FB17CDABD50032D538 /* SVProgressHUD.m */ = {isa = PBXFileReference; fileEncoding = 4; lastKnownFileType = sourcecode.c.objc; path = SVProgressHUD.m; sourceTree = "<group>"; };
		37D726FC17CDABD50032D538 /* UiLib.h */ = {isa = PBXFileReference; fileEncoding = 4; lastKnownFileType = sourcecode.c.h; path = UiLib.h; sourceTree = "<group>"; };
		37D726FD17CDABD50032D538 /* UiLib.m */ = {isa = PBXFileReference; fileEncoding = 4; lastKnownFileType = sourcecode.c.objc; path = UiLib.m; sourceTree = "<group>"; };
		37D726FF17CDABD50032D538 /* en */ = {isa = PBXFileReference; lastKnownFileType = text.plist.strings; name = en; path = en.lproj/InfoPlist.strings; sourceTree = "<group>"; };
		37D7270017CDABD50032D538 /* iKanxue-Info.plist */ = {isa = PBXFileReference; fileEncoding = 4; lastKnownFileType = text.plist.xml; path = "iKanxue-Info.plist"; sourceTree = "<group>"; };
		37D7270117CDABD50032D538 /* iKanxue-Prefix.pch */ = {isa = PBXFileReference; fileEncoding = 4; lastKnownFileType = sourcecode.c.h; path = "iKanxue-Prefix.pch"; sourceTree = "<group>"; };
		37D7270417CDABD50032D538 /* blackArrow.png */ = {isa = PBXFileReference; lastKnownFileType = image.png; path = blackArrow.png; sourceTree = "<group>"; };
		37D7270517CDABD50032D538 /* blackArrow@2x.png */ = {isa = PBXFileReference; lastKnownFileType = image.png; path = "blackArrow@2x.png"; sourceTree = "<group>"; };
		37D7270617CDABD50032D538 /* blueArrow.png */ = {isa = PBXFileReference; lastKnownFileType = image.png; path = blueArrow.png; sourceTree = "<group>"; };
		37D7270717CDABD50032D538 /* blueArrow@2x.png */ = {isa = PBXFileReference; lastKnownFileType = image.png; path = "blueArrow@2x.png"; sourceTree = "<group>"; };
		37D7270817CDABD50032D538 /* Default@2x.png */ = {isa = PBXFileReference; lastKnownFileType = image.png; path = "Default@2x.png"; sourceTree = "<group>"; };
		37D7270917CDABD50032D538 /* global_backgroup@2x.png */ = {isa = PBXFileReference; lastKnownFileType = image.png; path = "global_backgroup@2x.png"; sourceTree = "<group>"; };
		37D7270A17CDABD50032D538 /* icon.png */ = {isa = PBXFileReference; lastKnownFileType = image.png; path = icon.png; sourceTree = "<group>"; };
		37D7270B17CDABD50032D538 /* icon@2x.png */ = {isa = PBXFileReference; lastKnownFileType = image.png; path = "icon@2x.png"; sourceTree = "<group>"; };
		37D7270D17CDABD50032D538 /* msjy_checkbox@2x.png */ = {isa = PBXFileReference; lastKnownFileType = image.png; path = "msjy_checkbox@2x.png"; sourceTree = "<group>"; };
		37D7270E17CDABD50032D538 /* msjy_checkbox_1@2x.png */ = {isa = PBXFileReference; lastKnownFileType = image.png; path = "msjy_checkbox_1@2x.png"; sourceTree = "<group>"; };
		37D7270F17CDABD50032D538 /* msjy_detail_text@2x.png */ = {isa = PBXFileReference; lastKnownFileType = image.png; path = "msjy_detail_text@2x.png"; sourceTree = "<group>"; };
		37D7271017CDABD50032D538 /* msjy_login_btn@2x.png */ = {isa = PBXFileReference; lastKnownFileType = image.png; path = "msjy_login_btn@2x.png"; sourceTree = "<group>"; };
		37D7271117CDABD50032D538 /* msjy_login_btn_1@2x.png */ = {isa = PBXFileReference; lastKnownFileType = image.png; path = "msjy_login_btn_1@2x.png"; sourceTree = "<group>"; };
		37D7271217CDABD50032D538 /* msjy_login_logo@2x.png */ = {isa = PBXFileReference; lastKnownFileType = image.png; path = "msjy_login_logo@2x.png"; sourceTree = "<group>"; };
		37D7271317CDABD50032D538 /* msjy_tf_bg@2x.png */ = {isa = PBXFileReference; lastKnownFileType = image.png; path = "msjy_tf_bg@2x.png"; sourceTree = "<group>"; };
		37D7271417CDABD50032D538 /* logo@2x.png */ = {isa = PBXFileReference; lastKnownFileType = image.png; path = "logo@2x.png"; sourceTree = "<group>"; };
		37D7271517CDABD50032D538 /* reply_count@2x.png */ = {isa = PBXFileReference; lastKnownFileType = image.png; path = "reply_count@2x.png"; sourceTree = "<group>"; };
		37D7271617CDABD50032D538 /* main.m */ = {isa = PBXFileReference; fileEncoding = 4; lastKnownFileType = sourcecode.c.objc; path = main.m; sourceTree = "<group>"; };
		37D7271717CDABD50032D538 /* template.html */ = {isa = PBXFileReference; fileEncoding = 4; lastKnownFileType = text.html; path = template.html; sourceTree = "<group>"; };
		37E187071515983800A15AB2 /* iKanxue.app */ = {isa = PBXFileReference; explicitFileType = wrapper.application; includeInIndex = 0; path = iKanxue.app; sourceTree = BUILT_PRODUCTS_DIR; };
		37E1870B1515983800A15AB2 /* UIKit.framework */ = {isa = PBXFileReference; lastKnownFileType = wrapper.framework; name = UIKit.framework; path = System/Library/Frameworks/UIKit.framework; sourceTree = SDKROOT; };
		37E1870D1515983800A15AB2 /* Foundation.framework */ = {isa = PBXFileReference; lastKnownFileType = wrapper.framework; name = Foundation.framework; path = System/Library/Frameworks/Foundation.framework; sourceTree = SDKROOT; };
		37E1870F1515983800A15AB2 /* CoreGraphics.framework */ = {isa = PBXFileReference; lastKnownFileType = wrapper.framework; name = CoreGraphics.framework; path = System/Library/Frameworks/CoreGraphics.framework; sourceTree = SDKROOT; };
		37E1873315159A8D00A15AB2 /* MapKit.framework */ = {isa = PBXFileReference; lastKnownFileType = wrapper.framework; name = MapKit.framework; path = System/Library/Frameworks/MapKit.framework; sourceTree = SDKROOT; };
		37E1873515159AB400A15AB2 /* AddressBook.framework */ = {isa = PBXFileReference; lastKnownFileType = wrapper.framework; name = AddressBook.framework; path = System/Library/Frameworks/AddressBook.framework; sourceTree = SDKROOT; };
		37E1873615159AB400A15AB2 /* AddressBookUI.framework */ = {isa = PBXFileReference; lastKnownFileType = wrapper.framework; name = AddressBookUI.framework; path = System/Library/Frameworks/AddressBookUI.framework; sourceTree = SDKROOT; };
		37E1873715159AB400A15AB2 /* CFNetwork.framework */ = {isa = PBXFileReference; lastKnownFileType = wrapper.framework; name = CFNetwork.framework; path = System/Library/Frameworks/CFNetwork.framework; sourceTree = SDKROOT; };
		37E1873815159AB400A15AB2 /* CoreLocation.framework */ = {isa = PBXFileReference; lastKnownFileType = wrapper.framework; name = CoreLocation.framework; path = System/Library/Frameworks/CoreLocation.framework; sourceTree = SDKROOT; };
		37E1873D15159ABC00A15AB2 /* SystemConfiguration.framework */ = {isa = PBXFileReference; lastKnownFileType = wrapper.framework; name = SystemConfiguration.framework; path = System/Library/Frameworks/SystemConfiguration.framework; sourceTree = SDKROOT; };
		37E1873F15159AC700A15AB2 /* QuartzCore.framework */ = {isa = PBXFileReference; lastKnownFileType = wrapper.framework; name = QuartzCore.framework; path = System/Library/Frameworks/QuartzCore.framework; sourceTree = SDKROOT; };
		37E1874115159AD300A15AB2 /* MobileCoreServices.framework */ = {isa = PBXFileReference; lastKnownFileType = wrapper.framework; name = MobileCoreServices.framework; path = System/Library/Frameworks/MobileCoreServices.framework; sourceTree = SDKROOT; };
		37E1874315159ADF00A15AB2 /* MediaPlayer.framework */ = {isa = PBXFileReference; lastKnownFileType = wrapper.framework; name = MediaPlayer.framework; path = System/Library/Frameworks/MediaPlayer.framework; sourceTree = SDKROOT; };
		37E1874515159AEA00A15AB2 /* MessageUI.framework */ = {isa = PBXFileReference; lastKnownFileType = wrapper.framework; name = MessageUI.framework; path = System/Library/Frameworks/MessageUI.framework; sourceTree = SDKROOT; };
/* End PBXFileReference section */

/* Begin PBXFrameworksBuildPhase section */
		37E187041515983800A15AB2 /* Frameworks */ = {
			isa = PBXFrameworksBuildPhase;
			buildActionMask = 2147483647;
			files = (
				37E1874615159AEA00A15AB2 /* MessageUI.framework in Frameworks */,
				37E1874415159ADF00A15AB2 /* MediaPlayer.framework in Frameworks */,
				37E1874215159AD300A15AB2 /* MobileCoreServices.framework in Frameworks */,
				37E1874015159AC700A15AB2 /* QuartzCore.framework in Frameworks */,
				37E1873E15159ABC00A15AB2 /* SystemConfiguration.framework in Frameworks */,
				37E1873915159AB400A15AB2 /* AddressBook.framework in Frameworks */,
				37E1873A15159AB400A15AB2 /* AddressBookUI.framework in Frameworks */,
				37E1873B15159AB400A15AB2 /* CFNetwork.framework in Frameworks */,
				37E1873C15159AB400A15AB2 /* CoreLocation.framework in Frameworks */,
				37E1873415159A8D00A15AB2 /* MapKit.framework in Frameworks */,
				37E1870C1515983800A15AB2 /* UIKit.framework in Frameworks */,
				37E1870E1515983800A15AB2 /* Foundation.framework in Frameworks */,
				37E187101515983800A15AB2 /* CoreGraphics.framework in Frameworks */,
			);
			runOnlyForDeploymentPostprocessing = 0;
		};
/* End PBXFrameworksBuildPhase section */

/* Begin PBXGroup section */
		37D726AF17CDABD50032D538 /* iKanxue */ = {
			isa = PBXGroup;
			children = (
				37D726B017CDABD50032D538 /* AppDelegate.h */,
				37D726B117CDABD50032D538 /* AppDelegate.m */,
				37D726B217CDABD50032D538 /* classes */,
				37D726FE17CDABD50032D538 /* InfoPlist.strings */,
				37D7270017CDABD50032D538 /* iKanxue-Info.plist */,
				37D7270117CDABD50032D538 /* iKanxue-Prefix.pch */,
				37D7270217CDABD50032D538 /* imgs */,
				37D7271617CDABD50032D538 /* main.m */,
				37D7271717CDABD50032D538 /* template.html */,
			);
			path = iKanxue;
			sourceTree = "<group>";
		};
		37D726B217CDABD50032D538 /* classes */ = {
			isa = PBXGroup;
			children = (
				37D726B317CDABD50032D538 /* AFNetworking */,
				37D726C917CDABD50032D538 /* AFURLCache */,
				37D726CC17CDABD50032D538 /* Api */,
				37D726DB17CDABD50032D538 /* CommController.h */,
				37D726DC17CDABD50032D538 /* CommController.m */,
				37D726DD17CDABD50032D538 /* helper */,
				37D726EA17CDABD50032D538 /* JSONKit */,
				37D726ED17CDABD50032D538 /* LoginC.h */,
				37D726EE17CDABD50032D538 /* LoginC.m */,
				37D726EF17CDABD50032D538 /* MainFrameC.h */,
				37D726F017CDABD50032D538 /* MainFrameC.m */,
				37D726F117CDABD50032D538 /* MyWebView.h */,
				37D726F217CDABD50032D538 /* MyWebView.m */,
				37D726F317CDABD50032D538 /* PostDetailC.h */,
				37D726F417CDABD50032D538 /* PostDetailC.m */,
				37D726F517CDABD50032D538 /* RefreshTableHeaderView */,
				37D726F817CDABD50032D538 /* SVProgressHUD */,
				37D726FC17CDABD50032D538 /* UiLib.h */,
				37D726FD17CDABD50032D538 /* UiLib.m */,
			);
			path = classes;
			sourceTree = "<group>";
		};
		37D726B317CDABD50032D538 /* AFNetworking */ = {
			isa = PBXGroup;
			children = (
				37D726B417CDABD50032D538 /* AFHTTPClient.h */,
				37D726B517CDABD50032D538 /* AFHTTPClient.m */,
				37D726B617CDABD50032D538 /* AFHTTPRequestOperation.h */,
				37D726B717CDABD50032D538 /* AFHTTPRequestOperation.m */,
				37D726B817CDABD50032D538 /* AFImageCache.h */,
				37D726B917CDABD50032D538 /* AFImageCache.m */,
				37D726BA17CDABD50032D538 /* AFImageRequestOperation.h */,
				37D726BB17CDABD50032D538 /* AFImageRequestOperation.m */,
				37D726BC17CDABD50032D538 /* AFJSONRequestOperation.h */,
				37D726BD17CDABD50032D538 /* AFJSONRequestOperation.m */,
				37D726BE17CDABD50032D538 /* AFNetworkActivityIndicatorManager.h */,
				37D726BF17CDABD50032D538 /* AFNetworkActivityIndicatorManager.m */,
				37D726C017CDABD50032D538 /* AFNetworking.h */,
				37D726C117CDABD50032D538 /* AFPropertyListRequestOperation.h */,
				37D726C217CDABD50032D538 /* AFPropertyListRequestOperation.m */,
				37D726C317CDABD50032D538 /* AFURLConnectionOperation.h */,
				37D726C417CDABD50032D538 /* AFURLConnectionOperation.m */,
				37D726C517CDABD50032D538 /* AFXMLRequestOperation.h */,
				37D726C617CDABD50032D538 /* AFXMLRequestOperation.m */,
				37D726C717CDABD50032D538 /* UIImageView+AFNetworking.h */,
				37D726C817CDABD50032D538 /* UIImageView+AFNetworking.m */,
			);
			path = AFNetworking;
			sourceTree = "<group>";
		};
		37D726C917CDABD50032D538 /* AFURLCache */ = {
			isa = PBXGroup;
			children = (
				37D726CA17CDABD50032D538 /* AFURLCache.h */,
				37D726CB17CDABD50032D538 /* AFURLCache.m */,
			);
			path = AFURLCache;
			sourceTree = "<group>";
		};
		37D726CC17CDABD50032D538 /* Api */ = {
			isa = PBXGroup;
			children = (
				37D726CD17CDABD50032D538 /* Api.h */,
				37D726CE17CDABD50032D538 /* Api.m */,
				37D726CF17CDABD50032D538 /* CommonC.h */,
				37D726D017CDABD50032D538 /* CommonC.m */,
				37D726D117CDABD50032D538 /* INetwork.h */,
				37D726D217CDABD50032D538 /* INetwork.m */,
				37D726D317CDABD50032D538 /* MyMenuBar.h */,
				37D726D417CDABD50032D538 /* MyMenuBar.m */,
				37D726D517CDABD50032D538 /* Other.h */,
				37D726D617CDABD50032D538 /* Other.m */,
				37D726D717CDABD50032D538 /* Util.h */,
				37D726D817CDABD50032D538 /* Util.m */,
				37D726D917CDABD50032D538 /* Widget.h */,
				37D726DA17CDABD50032D538 /* Widget.m */,
			);
			path = Api;
			sourceTree = "<group>";
		};
		37D726DD17CDABD50032D538 /* helper */ = {
			isa = PBXGroup;
			children = (
				37D726DE17CDABD50032D538 /* AsyncCell.h */,
				37D726DF17CDABD50032D538 /* AsyncCell.m */,
				37D726E017CDABD50032D538 /* DataHelper.h */,
				37D726E117CDABD50032D538 /* DataHelper.m */,
				37D726E217CDABD50032D538 /* DictionaryHelper.h */,
				37D726E317CDABD50032D538 /* DictionaryHelper.m */,
				37D726E417CDABD50032D538 /* FastCell.h */,
				37D726E517CDABD50032D538 /* FastCell.m */,
				37D726E617CDABD50032D538 /* ListViewController.h */,
				37D726E717CDABD50032D538 /* ListViewController.m */,
				37D726E817CDABD50032D538 /* StringHelper.h */,
				37D726E917CDABD50032D538 /* StringHelper.m */,
			);
			path = helper;
			sourceTree = "<group>";
		};
		37D726EA17CDABD50032D538 /* JSONKit */ = {
			isa = PBXGroup;
			children = (
				37D726EB17CDABD50032D538 /* JSONKit.h */,
				37D726EC17CDABD50032D538 /* JSONKit.m */,
			);
			path = JSONKit;
			sourceTree = "<group>";
		};
		37D726F517CDABD50032D538 /* RefreshTableHeaderView */ = {
			isa = PBXGroup;
			children = (
				37D726F617CDABD50032D538 /* EGORefreshTableHeaderView.h */,
				37D726F717CDABD50032D538 /* EGORefreshTableHeaderView.m */,
			);
			path = RefreshTableHeaderView;
			sourceTree = "<group>";
		};
		37D726F817CDABD50032D538 /* SVProgressHUD */ = {
			isa = PBXGroup;
			children = (
				37D726F917CDABD50032D538 /* SVProgressHUD.bundle */,
				37D726FA17CDABD50032D538 /* SVProgressHUD.h */,
				37D726FB17CDABD50032D538 /* SVProgressHUD.m */,
			);
			path = SVProgressHUD;
			sourceTree = "<group>";
		};
		37D7270217CDABD50032D538 /* imgs */ = {
			isa = PBXGroup;
			children = (
				37D7270317CDABD50032D538 /* arrow */,
				37D7270817CDABD50032D538 /* Default@2x.png */,
				37D7270917CDABD50032D538 /* global_backgroup@2x.png */,
				37D7270A17CDABD50032D538 /* icon.png */,
				37D7270B17CDABD50032D538 /* icon@2x.png */,
				37D7270C17CDABD50032D538 /* login */,
				37D7271417CDABD50032D538 /* logo@2x.png */,
				37D7271517CDABD50032D538 /* reply_count@2x.png */,
			);
			path = imgs;
			sourceTree = "<group>";
		};
		37D7270317CDABD50032D538 /* arrow */ = {
			isa = PBXGroup;
			children = (
				37D7270417CDABD50032D538 /* blackArrow.png */,
				37D7270517CDABD50032D538 /* blackArrow@2x.png */,
				37D7270617CDABD50032D538 /* blueArrow.png */,
				37D7270717CDABD50032D538 /* blueArrow@2x.png */,
			);
			path = arrow;
			sourceTree = "<group>";
		};
		37D7270C17CDABD50032D538 /* login */ = {
			isa = PBXGroup;
			children = (
				37D7270D17CDABD50032D538 /* msjy_checkbox@2x.png */,
				37D7270E17CDABD50032D538 /* msjy_checkbox_1@2x.png */,
				37D7270F17CDABD50032D538 /* msjy_detail_text@2x.png */,
				37D7271017CDABD50032D538 /* msjy_login_btn@2x.png */,
				37D7271117CDABD50032D538 /* msjy_login_btn_1@2x.png */,
				37D7271217CDABD50032D538 /* msjy_login_logo@2x.png */,
				37D7271317CDABD50032D538 /* msjy_tf_bg@2x.png */,
			);
			path = login;
			sourceTree = "<group>";
		};
		37E186FC1515983700A15AB2 = {
			isa = PBXGroup;
			children = (
				37D726AF17CDABD50032D538 /* iKanxue */,
				37E1870A1515983800A15AB2 /* Frameworks */,
				37E187081515983800A15AB2 /* Products */,
			);
			sourceTree = "<group>";
		};
		37E187081515983800A15AB2 /* Products */ = {
			isa = PBXGroup;
			children = (
				37E187071515983800A15AB2 /* iKanxue.app */,
			);
			name = Products;
			sourceTree = "<group>";
		};
		37E1870A1515983800A15AB2 /* Frameworks */ = {
			isa = PBXGroup;
			children = (
				37E1874515159AEA00A15AB2 /* MessageUI.framework */,
				37E1874315159ADF00A15AB2 /* MediaPlayer.framework */,
				37E1874115159AD300A15AB2 /* MobileCoreServices.framework */,
				37E1873F15159AC700A15AB2 /* QuartzCore.framework */,
				37E1873D15159ABC00A15AB2 /* SystemConfiguration.framework */,
				37E1873515159AB400A15AB2 /* AddressBook.framework */,
				37E1873615159AB400A15AB2 /* AddressBookUI.framework */,
				37E1873715159AB400A15AB2 /* CFNetwork.framework */,
				37E1873815159AB400A15AB2 /* CoreLocation.framework */,
				37E1873315159A8D00A15AB2 /* MapKit.framework */,
				37E1870B1515983800A15AB2 /* UIKit.framework */,
				37E1870D1515983800A15AB2 /* Foundation.framework */,
				37E1870F1515983800A15AB2 /* CoreGraphics.framework */,
			);
			name = Frameworks;
			sourceTree = "<group>";
		};
/* End PBXGroup section */

/* Begin PBXNativeTarget section */
		37E187061515983800A15AB2 /* iKanxue */ = {
			isa = PBXNativeTarget;
			buildConfigurationList = 37E1871F1515983800A15AB2 /* Build configuration list for PBXNativeTarget "iKanxue" */;
			buildPhases = (
				37E187031515983800A15AB2 /* Sources */,
				37E187041515983800A15AB2 /* Frameworks */,
				37E187051515983800A15AB2 /* Resources */,
			);
			buildRules = (
			);
			dependencies = (
			);
			name = iKanxue;
			productName = iRuby;
			productReference = 37E187071515983800A15AB2 /* iKanxue.app */;
			productType = "com.apple.product-type.application";
		};
/* End PBXNativeTarget section */

/* Begin PBXProject section */
		37E186FE1515983700A15AB2 /* Project object */ = {
			isa = PBXProject;
			attributes = {
				LastUpgradeCheck = 0420;
			};
			buildConfigurationList = 37E187011515983700A15AB2 /* Build configuration list for PBXProject "iKanxue" */;
			compatibilityVersion = "Xcode 3.2";
			developmentRegion = English;
			hasScannedForEncodings = 0;
			knownRegions = (
				en,
			);
			mainGroup = 37E186FC1515983700A15AB2;
			productRefGroup = 37E187081515983800A15AB2 /* Products */;
			projectDirPath = "";
			projectRoot = "";
			targets = (
				37E187061515983800A15AB2 /* iKanxue */,
			);
		};
/* End PBXProject section */

/* Begin PBXResourcesBuildPhase section */
		37E187051515983800A15AB2 /* Resources */ = {
			isa = PBXResourcesBuildPhase;
			buildActionMask = 2147483647;
			files = (
				37D7273817CDABD50032D538 /* SVProgressHUD.bundle in Resources */,
				37D7273B17CDABD50032D538 /* InfoPlist.strings in Resources */,
				37D7273C17CDABD50032D538 /* iKanxue-Info.plist in Resources */,
				37D7273D17CDABD50032D538 /* blackArrow.png in Resources */,
				37D7273E17CDABD50032D538 /* blackArrow@2x.png in Resources */,
				37D7273F17CDABD50032D538 /* blueArrow.png in Resources */,
				37D7274017CDABD50032D538 /* blueArrow@2x.png in Resources */,
				37D7274117CDABD50032D538 /* Default@2x.png in Resources */,
				37D7274217CDABD50032D538 /* global_backgroup@2x.png in Resources */,
				37D7274317CDABD50032D538 /* icon.png in Resources */,
				37D7274417CDABD50032D538 /* icon@2x.png in Resources */,
				37D7274517CDABD50032D538 /* msjy_checkbox@2x.png in Resources */,
				37D7274617CDABD50032D538 /* msjy_checkbox_1@2x.png in Resources */,
				37D7274717CDABD50032D538 /* msjy_detail_text@2x.png in Resources */,
				37D7274817CDABD50032D538 /* msjy_login_btn@2x.png in Resources */,
				37D7274917CDABD50032D538 /* msjy_login_btn_1@2x.png in Resources */,
				37D7274A17CDABD50032D538 /* msjy_login_logo@2x.png in Resources */,
				37D7274B17CDABD50032D538 /* msjy_tf_bg@2x.png in Resources */,
				37D7274C17CDABD50032D538 /* logo@2x.png in Resources */,
				37D7274D17CDABD50032D538 /* reply_count@2x.png in Resources */,
				37D7274F17CDABD50032D538 /* template.html in Resources */,
			);
			runOnlyForDeploymentPostprocessing = 0;
		};
/* End PBXResourcesBuildPhase section */

/* Begin PBXSourcesBuildPhase section */
		37E187031515983800A15AB2 /* Sources */ = {
			isa = PBXSourcesBuildPhase;
			buildActionMask = 2147483647;
			files = (
				37D7271817CDABD50032D538 /* AppDelegate.m in Sources */,
				37D7271917CDABD50032D538 /* AFHTTPClient.m in Sources */,
				37D7271A17CDABD50032D538 /* AFHTTPRequestOperation.m in Sources */,
				37D7271B17CDABD50032D538 /* AFImageCache.m in Sources */,
				37D7271C17CDABD50032D538 /* AFImageRequestOperation.m in Sources */,
				37D7271D17CDABD50032D538 /* AFJSONRequestOperation.m in Sources */,
				37D7271E17CDABD50032D538 /* AFNetworkActivityIndicatorManager.m in Sources */,
				37D7271F17CDABD50032D538 /* AFPropertyListRequestOperation.m in Sources */,
				37D7272017CDABD50032D538 /* AFURLConnectionOperation.m in Sources */,
				37D7272117CDABD50032D538 /* AFXMLRequestOperation.m in Sources */,
				37D7272217CDABD50032D538 /* UIImageView+AFNetworking.m in Sources */,
				37D7272317CDABD50032D538 /* AFURLCache.m in Sources */,
				37D7272417CDABD50032D538 /* Api.m in Sources */,
				37D7272517CDABD50032D538 /* CommonC.m in Sources */,
				37D7272617CDABD50032D538 /* INetwork.m in Sources */,
				37D7272717CDABD50032D538 /* MyMenuBar.m in Sources */,
				37D7272817CDABD50032D538 /* Other.m in Sources */,
				37D7272917CDABD50032D538 /* Util.m in Sources */,
				37D7272A17CDABD50032D538 /* Widget.m in Sources */,
				37D7272B17CDABD50032D538 /* CommController.m in Sources */,
				37D7272C17CDABD50032D538 /* AsyncCell.m in Sources */,
				37D7272D17CDABD50032D538 /* DataHelper.m in Sources */,
				37D7272E17CDABD50032D538 /* DictionaryHelper.m in Sources */,
				37D7272F17CDABD50032D538 /* FastCell.m in Sources */,
				37D7273017CDABD50032D538 /* ListViewController.m in Sources */,
				37D7273117CDABD50032D538 /* StringHelper.m in Sources */,
				37D7273217CDABD50032D538 /* JSONKit.m in Sources */,
				37D7273317CDABD50032D538 /* LoginC.m in Sources */,
				37D7273417CDABD50032D538 /* MainFrameC.m in Sources */,
				37D7273517CDABD50032D538 /* MyWebView.m in Sources */,
				37D7273617CDABD50032D538 /* PostDetailC.m in Sources */,
				37D7273717CDABD50032D538 /* EGORefreshTableHeaderView.m in Sources */,
				37D7273917CDABD50032D538 /* SVProgressHUD.m in Sources */,
				37D7273A17CDABD50032D538 /* UiLib.m in Sources */,
				37D7274E17CDABD50032D538 /* main.m in Sources */,
			);
			runOnlyForDeploymentPostprocessing = 0;
		};
/* End PBXSourcesBuildPhase section */

/* Begin PBXVariantGroup section */
		37D726FE17CDABD50032D538 /* InfoPlist.strings */ = {
			isa = PBXVariantGroup;
			children = (
				37D726FF17CDABD50032D538 /* en */,
			);
			name = InfoPlist.strings;
			sourceTree = "<group>";
		};
/* End PBXVariantGroup section */

/* Begin XCBuildConfiguration section */
		37E1871D1515983800A15AB2 /* Debug */ = {
			isa = XCBuildConfiguration;
			buildSettings = {
				ALWAYS_SEARCH_USER_PATHS = NO;
				ARCHS = "$(ARCHS_STANDARD_32_BIT)";
				"CODE_SIGN_IDENTITY[sdk=iphoneos*]" = "iPhone Developer";
				COPY_PHASE_STRIP = NO;
				GCC_C_LANGUAGE_STANDARD = gnu99;
				GCC_DYNAMIC_NO_PIC = NO;
				GCC_OPTIMIZATION_LEVEL = 0;
				GCC_PREPROCESSOR_DEFINITIONS = (
					"DEBUG=1",
					"$(inherited)",
				);
				GCC_SYMBOLS_PRIVATE_EXTERN = NO;
				GCC_VERSION = com.apple.compilers.llvm.clang.1_0;
				GCC_WARN_ABOUT_MISSING_PROTOTYPES = YES;
				GCC_WARN_ABOUT_RETURN_TYPE = YES;
				GCC_WARN_UNUSED_VARIABLE = YES;
				IPHONEOS_DEPLOYMENT_TARGET = 5.0;
				SDKROOT = iphoneos;
			};
			name = Debug;
		};
		37E1871E1515983800A15AB2 /* Release */ = {
			isa = XCBuildConfiguration;
			buildSettings = {
				ALWAYS_SEARCH_USER_PATHS = NO;
				ARCHS = "$(ARCHS_STANDARD_32_BIT)";
				"CODE_SIGN_IDENTITY[sdk=iphoneos*]" = "iPhone Developer";
				COPY_PHASE_STRIP = YES;
				GCC_C_LANGUAGE_STANDARD = gnu99;
				GCC_VERSION = com.apple.compilers.llvm.clang.1_0;
				GCC_WARN_ABOUT_MISSING_PROTOTYPES = YES;
				GCC_WARN_ABOUT_RETURN_TYPE = YES;
				GCC_WARN_UNUSED_VARIABLE = YES;
				IPHONEOS_DEPLOYMENT_TARGET = 5.0;
				OTHER_CFLAGS = "-DNS_BLOCK_ASSERTIONS=1";
				SDKROOT = iphoneos;
				VALIDATE_PRODUCT = YES;
			};
			name = Release;
		};
		37E187201515983800A15AB2 /* Debug */ = {
			isa = XCBuildConfiguration;
			buildSettings = {
				GCC_PRECOMPILE_PREFIX_HEADER = YES;
				GCC_PREFIX_HEADER = "iKanxue/iKanxue-Prefix.pch";
				HEADER_SEARCH_PATHS = "";
				INFOPLIST_FILE = "$(SRCROOT)/iKanxue/iKanxue-Info.plist";
				IPHONEOS_DEPLOYMENT_TARGET = 4.0;
				OTHER_LDFLAGS = (
					"-ObjC",
					"-all_load",
				);
				PRODUCT_NAME = iKanxue;
				WRAPPER_EXTENSION = app;
			};
			name = Debug;
		};
		37E187211515983800A15AB2 /* Release */ = {
			isa = XCBuildConfiguration;
			buildSettings = {
				GCC_PRECOMPILE_PREFIX_HEADER = YES;
				GCC_PREFIX_HEADER = "iKanxue/iKanxue-Prefix.pch";
				HEADER_SEARCH_PATHS = "";
				INFOPLIST_FILE = "$(SRCROOT)/iKanxue/iKanxue-Info.plist";
				IPHONEOS_DEPLOYMENT_TARGET = 4.0;
				OTHER_LDFLAGS = (
					"-ObjC",
					"-all_load",
				);
				PRODUCT_NAME = iKanxue;
				WRAPPER_EXTENSION = app;
			};
			name = Release;
		};
/* End XCBuildConfiguration section */

/* Begin XCConfigurationList section */
		37E187011515983700A15AB2 /* Build configuration list for PBXProject "iKanxue" */ = {
			isa = XCConfigurationList;
			buildConfigurations = (
				37E1871D1515983800A15AB2 /* Debug */,
				37E1871E1515983800A15AB2 /* Release */,
			);
			defaultConfigurationIsVisible = 0;
			defaultConfigurationName = Release;
		};
		37E1871F1515983800A15AB2 /* Build configuration list for PBXNativeTarget "iKanxue" */ = {
			isa = XCConfigurationList;
			buildConfigurations = (
				37E187201515983800A15AB2 /* Debug */,
				37E187211515983800A15AB2 /* Release */,
			);
			defaultConfigurationIsVisible = 0;
			defaultConfigurationName = Release;
		};
/* End XCConfigurationList section */
	};
	rootObject = 37E186FE1515983700A15AB2 /* Project object */;
}
